
Microsoft Visual Studio Solution File, Format Version 12.00
# Visual Studio Version 16
VisualStudioVersion = 16.0.33529.622
MinimumVisualStudioVersion = 10.0.40219.1
Project("{FAE04EC0-301F-11D3-BF4B-00C04F79EFBC}") = "ApiTest2", "ApiTest2\ApiTest2.csproj", "{37C796CE-22B0-4AD7-BA86-B8DD65974DA9}"
EndProject
Global
	GlobalSection(SolutionConfigurationPlatforms) = preSolution
		Debug|Any CPU = Debug|Any CPU
		Release|Any CPU = Release|Any CPU
	EndGlobalSection
	GlobalSection(ProjectConfigurationPlatforms) = postSolution
		{37C796CE-22B0-4AD7-BA86-B8DD65974DA9}.Debug|Any CPU.ActiveCfg = Debug|Any CPU
		{37C796CE-22B0-4AD7-BA86-B8DD65974DA9}.Debug|Any CPU.Build.0 = Debug|Any CPU
		{37C796CE-22B0-4AD7-BA86-B8DD65974DA9}.Release|Any CPU.ActiveCfg = Release|Any CPU
		{37C796CE-22B0-4AD7-BA86-B8DD65974DA9}.Release|Any CPU.Build.0 = Release|Any CPU
	EndGlobalSection
	GlobalSection(SolutionProperties) = preSolution
		HideSolutionNode = FALSE
	EndGlobalSection
	GlobalSection(ExtensibilityGlobals) = postSolution
		SolutionGuid = {5487A96C-8A41-424D-8B19-882EDB578CAB}
	EndGlobalSection
EndGlobal
